
Microsoft Visual Studio Solution File, Format Version 12.00
Project("{FAE04EC0-301F-11D3-BF4B-00C04F79EFBC}") = "Repro", "Repro\Repro.csproj", "{B2B0C763-6EAC-4BE8-8388-3A664CB1DB62}"
EndProject
Global
	GlobalSection(SolutionConfigurationPlatforms) = preSolution
		Debug|Any CPU = Debug|Any CPU
		Release|Any CPU = Release|Any CPU
	EndGlobalSection
	GlobalSection(ProjectConfigurationPlatforms) = postSolution
		{B2B0C763-6EAC-4BE8-8388-3A664CB1DB62}.Debug|Any CPU.ActiveCfg = Debug|Any CPU
		{B2B0C763-6EAC-4BE8-8388-3A664CB1DB62}.Debug|Any CPU.Build.0 = Debug|Any CPU
		{B2B0C763-6EAC-4BE8-8388-3A664CB1DB62}.Release|Any CPU.ActiveCfg = Release|Any CPU
		{B2B0C763-6EAC-4BE8-8388-3A664CB1DB62}.Release|Any CPU.Build.0 = Release|Any CPU
	EndGlobalSection
EndGlobal
